
Microsoft Visual Studio Solution File, Format Version 12.00
# Visual Studio 14
VisualStudioVersion = 14.0.25420.1
MinimumVisualStudioVersion = 10.0.40219.1
Project("{8BC9CEB8-8B4A-11D0-8D11-00A0C91BC942}") = "SPLab7_3", "SPLab7_3\SPLab7_3.vcxproj", "{E17FEC44-467D-4DA5-B140-F62EBF1D529F}"
EndProject
Project("{8BC9CEB8-8B4A-11D0-8D11-00A0C91BC942}") = "Client", "Client\Client.vcxproj", "{6FF09C9B-3905-42D6-903E-788358B9D532}"
EndProject
Global
	GlobalSection(SolutionConfigurationPlatforms) = preSolution
		Debug|x64 = Debug|x64
		Debug|x86 = Debug|x86
		Release|x64 = Release|x64
		Release|x86 = Release|x86
	EndGlobalSection
	GlobalSection(ProjectConfigurationPlatforms) = postSolution
		{E17FEC44-467D-4DA5-B140-F62EBF1D529F}.Debug|x64.ActiveCfg = Debug|x64
		{E17FEC44-467D-4DA5-B140-F62EBF1D529F}.Debug|x64.Build.0 = Debug|x64
		{E17FEC44-467D-4DA5-B140-F62EBF1D529F}.Debug|x86.ActiveCfg = Debug|Win32
		{E17FEC44-467D-4DA5-B140-F62EBF1D529F}.Debug|x86.Build.0 = Debug|Win32
		{E17FEC44-467D-4DA5-B140-F62EBF1D529F}.Release|x64.ActiveCfg = Release|x64
		{E17FEC44-467D-4DA5-B140-F62EBF1D529F}.Release|x64.Build.0 = Release|x64
		{E17FEC44-467D-4DA5-B140-F62EBF1D529F}.Release|x86.ActiveCfg = Release|Win32
		{E17FEC44-467D-4DA5-B140-F62EBF1D529F}.Release|x86.Build.0 = Release|Win32
		{6FF09C9B-3905-42D6-903E-788358B9D532}.Debug|x64.ActiveCfg = Debug|x64
		{6FF09C9B-3905-42D6-903E-788358B9D532}.Debug|x64.Build.0 = Debug|x64
		{6FF09C9B-3905-42D6-903E-788358B9D532}.Debug|x86.ActiveCfg = Debug|Win32
		{6FF09C9B-3905-42D6-903E-788358B9D532}.Debug|x86.Build.0 = Debug|Win32
		{6FF09C9B-3905-42D6-903E-788358B9D532}.Release|x64.ActiveCfg = Release|x64
		{6FF09C9B-3905-42D6-903E-788358B9D532}.Release|x64.Build.0 = Release|x64
		{6FF09C9B-3905-42D6-903E-788358B9D532}.Release|x86.ActiveCfg = Release|Win32
		{6FF09C9B-3905-42D6-903E-788358B9D532}.Release|x86.Build.0 = Release|Win32
	EndGlobalSection
	GlobalSection(SolutionProperties) = preSolution
		HideSolutionNode = FALSE
	EndGlobalSection
EndGlobal
